
Microsoft Visual Studio Solution File, Format Version 12.00
# Visual Studio 15
Project("{FAE04EC0-301F-11D3-BF4B-00C04F79EFBC}") = "vsctest", "vsctest.csproj", "{286F2112-1B9F-4F1F-8D18-4643CDC9E8AF}"
EndProject
Global
	GlobalSection(SolutionConfigurationPlatforms) = preSolution
		Debug|Any CPU = Debug|Any CPU
		Release|Any CPU = Release|Any CPU
	EndGlobalSection
	GlobalSection(ProjectConfigurationPlatforms) = postSolution
		{286F2112-1B9F-4F1F-8D18-4643CDC9E8AF}.Debug|Any CPU.ActiveCfg = Debug|Any CPU
		{286F2112-1B9F-4F1F-8D18-4643CDC9E8AF}.Debug|Any CPU.Build.0 = Debug|Any CPU
		{286F2112-1B9F-4F1F-8D18-4643CDC9E8AF}.Release|Any CPU.ActiveCfg = Release|Any CPU
		{286F2112-1B9F-4F1F-8D18-4643CDC9E8AF}.Release|Any CPU.Build.0 = Release|Any CPU
	EndGlobalSection
EndGlobal
